
Microsoft Visual Studio Solution File, Format Version 12.00
# Visual Studio Version 17
VisualStudioVersion = 17.10.34928.147
MinimumVisualStudioVersion = 10.0.40219.1
Project("{FAE04EC0-301F-11D3-BF4B-00C04F79EFBC}") = "Web", "Web\Web.csproj", "{013C3A2B-F0CD-44A2-92E2-8AACEFB9D673}"
EndProject
Global
	GlobalSection(SolutionConfigurationPlatforms) = preSolution
		Debug|Any CPU = Debug|Any CPU
		Release|Any CPU = Release|Any CPU
	EndGlobalSection
	GlobalSection(ProjectConfigurationPlatforms) = postSolution
		{013C3A2B-F0CD-44A2-92E2-8AACEFB9D673}.Debug|Any CPU.ActiveCfg = Debug|Any CPU
		{013C3A2B-F0CD-44A2-92E2-8AACEFB9D673}.Debug|Any CPU.Build.0 = Debug|Any CPU
		{013C3A2B-F0CD-44A2-92E2-8AACEFB9D673}.Release|Any CPU.ActiveCfg = Release|Any CPU
		{013C3A2B-F0CD-44A2-92E2-8AACEFB9D673}.Release|Any CPU.Build.0 = Release|Any CPU
	EndGlobalSection
	GlobalSection(SolutionProperties) = preSolution
		HideSolutionNode = FALSE
	EndGlobalSection
	GlobalSection(ExtensibilityGlobals) = postSolution
		SolutionGuid = {B054D128-F134-4233-B4B4-D30173C02B82}
	EndGlobalSection
EndGlobal
